// !$*UTF8*$!
{
	archiveVersion = 1;
	classes = {
	};
	objectVersion = 50;
	objects = {

/* Begin PBXBuildFile section */
		6F673F182282034D00506FD9 /* AppDelegate.swift in Sources */ = {isa = PBXBuildFile; fileRef = 6F673F172282034D00506FD9 /* AppDelegate.swift */; };
		6F673F1A2282034D00506FD9 /* ReceitaasCellCards.swift in Sources */ = {isa = PBXBuildFile; fileRef = 6F673F192282034D00506FD9 /* ReceitaasCellCards.swift */; };
		6F673F1D2282034D00506FD9 /* Main.storyboard in Resources */ = {isa = PBXBuildFile; fileRef = 6F673F1B2282034D00506FD9 /* Main.storyboard */; };
		6F673F202282034D00506FD9 /* Mulan.xcdatamodeld in Sources */ = {isa = PBXBuildFile; fileRef = 6F673F1E2282034D00506FD9 /* Mulan.xcdatamodeld */; };
		6F673F222282034E00506FD9 /* Assets.xcassets in Resources */ = {isa = PBXBuildFile; fileRef = 6F673F212282034E00506FD9 /* Assets.xcassets */; };
		6F673F252282034E00506FD9 /* LaunchScreen.storyboard in Resources */ = {isa = PBXBuildFile; fileRef = 6F673F232282034E00506FD9 /* LaunchScreen.storyboard */; };
		6F9EBD5A22FB4B160089DCD7 /* Localizable.strings in Resources */ = {isa = PBXBuildFile; fileRef = 6F9EBD5C22FB4B160089DCD7 /* Localizable.strings */; };
		6F9EBD5F22FB4FE90089DCD7 /* testeBR.json in Resources */ = {isa = PBXBuildFile; fileRef = 6F9EBD5E22FB4FE90089DCD7 /* testeBR.json */; };
		6F9EBD6122FB50250089DCD7 /* teste2BR.json in Resources */ = {isa = PBXBuildFile; fileRef = 6F9EBD6022FB50250089DCD7 /* teste2BR.json */; };
		6FE7B3E02284B5B100422A92 /* ReceitasViewController.swift in Sources */ = {isa = PBXBuildFile; fileRef = 6FE7B3DF2284B5B100422A92 /* ReceitasViewController.swift */; };
		6FE7B3E22284BC1700422A92 /* PaginaReceitaViewController.swift in Sources */ = {isa = PBXBuildFile; fileRef = 6FE7B3E12284BC1700422A92 /* PaginaReceitaViewController.swift */; };
		6FE7B3E62284BFC100422A92 /* TutorialViewController.swift in Sources */ = {isa = PBXBuildFile; fileRef = 6FE7B3E52284BFC100422A92 /* TutorialViewController.swift */; };
		6FE7B3EA2284C21200422A92 /* PaginaTutorialViewController.swift in Sources */ = {isa = PBXBuildFile; fileRef = 6FE7B3E92284C21200422A92 /* PaginaTutorialViewController.swift */; };
		6FE7B3F82285F91E00422A92 /* TutorialCellCards.swift in Sources */ = {isa = PBXBuildFile; fileRef = 6FE7B3F72285F91E00422A92 /* TutorialCellCards.swift */; };
		6FE7B417228A1C1000422A92 /* teste.json in Resources */ = {isa = PBXBuildFile; fileRef = 6FE7B416228A1C1000422A92 /* teste.json */; };
		6FE7B41D228B3C5500422A92 /* ImagemCell.swift in Sources */ = {isa = PBXBuildFile; fileRef = 6FE7B41C228B3C5500422A92 /* ImagemCell.swift */; };
		6FE7B41F228B3EDB00422A92 /* ConteudoCell.swift in Sources */ = {isa = PBXBuildFile; fileRef = 6FE7B41E228B3EDB00422A92 /* ConteudoCell.swift */; };
		6FE7B421228B3F7E00422A92 /* PassoAPassoCell.swift in Sources */ = {isa = PBXBuildFile; fileRef = 6FE7B420228B3F7E00422A92 /* PassoAPassoCell.swift */; };
		6FE7B423228BB20500422A92 /* teste2.json in Resources */ = {isa = PBXBuildFile; fileRef = 6FE7B422228BB20500422A92 /* teste2.json */; };
		6FE7B425228BB5AA00422A92 /* Dica.swift in Sources */ = {isa = PBXBuildFile; fileRef = 6FE7B424228BB5AA00422A92 /* Dica.swift */; };
		6FE7B427228BBBFE00422A92 /* ImagemDicaCell.swift in Sources */ = {isa = PBXBuildFile; fileRef = 6FE7B426228BBBFE00422A92 /* ImagemDicaCell.swift */; };
		6FE7B429228BBDAA00422A92 /* TextDicaCell.swift in Sources */ = {isa = PBXBuildFile; fileRef = 6FE7B428228BBDAA00422A92 /* TextDicaCell.swift */; };
		6FE7B42C228DF22100422A92 /* Receita.swift in Sources */ = {isa = PBXBuildFile; fileRef = 6FE7B42B228DF22100422A92 /* Receita.swift */; };
/* End PBXBuildFile section */

/* Begin PBXFileReference section */
		6F673F142282034C00506FD9 /* Cuisine101.app */ = {isa = PBXFileReference; explicitFileType = wrapper.application; includeInIndex = 0; path = Cuisine101.app; sourceTree = BUILT_PRODUCTS_DIR; };
		6F673F172282034D00506FD9 /* AppDelegate.swift */ = {isa = PBXFileReference; lastKnownFileType = sourcecode.swift; path = AppDelegate.swift; sourceTree = "<group>"; };
		6F673F192282034D00506FD9 /* ReceitaasCellCards.swift */ = {isa = PBXFileReference; lastKnownFileType = sourcecode.swift; path = ReceitaasCellCards.swift; sourceTree = "<group>"; };
		6F673F1C2282034D00506FD9 /* Base */ = {isa = PBXFileReference; lastKnownFileType = file.storyboard; name = Base; path = Base.lproj/Main.storyboard; sourceTree = "<group>"; };
		6F673F1F2282034D00506FD9 /* Mulan.xcdatamodel */ = {isa = PBXFileReference; lastKnownFileType = wrapper.xcdatamodel; path = Mulan.xcdatamodel; sourceTree = "<group>"; };
		6F673F212282034E00506FD9 /* Assets.xcassets */ = {isa = PBXFileReference; lastKnownFileType = folder.assetcatalog; path = Assets.xcassets; sourceTree = "<group>"; };
		6F673F242282034E00506FD9 /* Base */ = {isa = PBXFileReference; lastKnownFileType = file.storyboard; name = Base; path = Base.lproj/LaunchScreen.storyboard; sourceTree = "<group>"; };
		6F673F262282034E00506FD9 /* Info.plist */ = {isa = PBXFileReference; lastKnownFileType = text.plist.xml; path = Info.plist; sourceTree = "<group>"; };
		6F9EBD5522FB484B0089DCD7 /* pt-BR */ = {isa = PBXFileReference; lastKnownFileType = text.plist.strings; name = "pt-BR"; path = "pt-BR.lproj/Main.strings"; sourceTree = "<group>"; };
		6F9EBD5622FB484B0089DCD7 /* pt-BR */ = {isa = PBXFileReference; lastKnownFileType = text.plist.strings; name = "pt-BR"; path = "pt-BR.lproj/LaunchScreen.strings"; sourceTree = "<group>"; };
		6F9EBD5B22FB4B160089DCD7 /* en */ = {isa = PBXFileReference; lastKnownFileType = text.plist.strings; name = en; path = en.lproj/Localizable.strings; sourceTree = "<group>"; };
		6F9EBD5D22FB4B180089DCD7 /* pt-BR */ = {isa = PBXFileReference; lastKnownFileType = text.plist.strings; name = "pt-BR"; path = "pt-BR.lproj/Localizable.strings"; sourceTree = "<group>"; };
		6F9EBD5E22FB4FE90089DCD7 /* testeBR.json */ = {isa = PBXFileReference; lastKnownFileType = text.json; path = testeBR.json; sourceTree = "<group>"; };
		6F9EBD6022FB50250089DCD7 /* teste2BR.json */ = {isa = PBXFileReference; lastKnownFileType = text.json; path = teste2BR.json; sourceTree = "<group>"; };
		6FE7B3DF2284B5B100422A92 /* ReceitasViewController.swift */ = {isa = PBXFileReference; lastKnownFileType = sourcecode.swift; path = ReceitasViewController.swift; sourceTree = "<group>"; };
		6FE7B3E12284BC1700422A92 /* PaginaReceitaViewController.swift */ = {isa = PBXFileReference; lastKnownFileType = sourcecode.swift; path = PaginaReceitaViewController.swift; sourceTree = "<group>"; };
		6FE7B3E52284BFC100422A92 /* TutorialViewController.swift */ = {isa = PBXFileReference; lastKnownFileType = sourcecode.swift; path = TutorialViewController.swift; sourceTree = "<group>"; };
		6FE7B3E92284C21200422A92 /* PaginaTutorialViewController.swift */ = {isa = PBXFileReference; lastKnownFileType = sourcecode.swift; path = PaginaTutorialViewController.swift; sourceTree = "<group>"; };
		6FE7B3F72285F91E00422A92 /* TutorialCellCards.swift */ = {isa = PBXFileReference; lastKnownFileType = sourcecode.swift; path = TutorialCellCards.swift; sourceTree = "<group>"; };
		6FE7B416228A1C1000422A92 /* teste.json */ = {isa = PBXFileReference; lastKnownFileType = text.json; name = teste.json; path = Mulan/teste.json; sourceTree = "<group>"; };
		6FE7B41C228B3C5500422A92 /* ImagemCell.swift */ = {isa = PBXFileReference; lastKnownFileType = sourcecode.swift; path = ImagemCell.swift; sourceTree = "<group>"; };
		6FE7B41E228B3EDB00422A92 /* ConteudoCell.swift */ = {isa = PBXFileReference; lastKnownFileType = sourcecode.swift; path = ConteudoCell.swift; sourceTree = "<group>"; };
		6FE7B420228B3F7E00422A92 /* PassoAPassoCell.swift */ = {isa = PBXFileReference; lastKnownFileType = sourcecode.swift; path = PassoAPassoCell.swift; sourceTree = "<group>"; };
		6FE7B422228BB20500422A92 /* teste2.json */ = {isa = PBXFileReference; lastKnownFileType = text.json; path = teste2.json; sourceTree = "<group>"; };
		6FE7B424228BB5AA00422A92 /* Dica.swift */ = {isa = PBXFileReference; lastKnownFileType = sourcecode.swift; path = Dica.swift; sourceTree = "<group>"; };
		6FE7B426228BBBFE00422A92 /* ImagemDicaCell.swift */ = {isa = PBXFileReference; lastKnownFileType = sourcecode.swift; path = ImagemDicaCell.swift; sourceTree = "<group>"; };
		6FE7B428228BBDAA00422A92 /* TextDicaCell.swift */ = {isa = PBXFileReference; lastKnownFileType = sourcecode.swift; path = TextDicaCell.swift; sourceTree = "<group>"; };
		6FE7B42B228DF22100422A92 /* Receita.swift */ = {isa = PBXFileReference; fileEncoding = 4; lastKnownFileType = sourcecode.swift; path = Receita.swift; sourceTree = "<group>"; };
/* End PBXFileReference section */

/* Begin PBXFrameworksBuildPhase section */
		6F673F112282034C00506FD9 /* Frameworks */ = {
			isa = PBXFrameworksBuildPhase;
			buildActionMask = 2147483647;
			files = (
			);
			runOnlyForDeploymentPostprocessing = 0;
		};
/* End PBXFrameworksBuildPhase section */

/* Begin PBXGroup section */
		6F673F0B2282034C00506FD9 = {
			isa = PBXGroup;
			children = (
				6F9EBD5C22FB4B160089DCD7 /* Localizable.strings */,
				6FE7B424228BB5AA00422A92 /* Dica.swift */,
				6FE7B42B228DF22100422A92 /* Receita.swift */,
				6FE7B422228BB20500422A92 /* teste2.json */,
				6FE7B416228A1C1000422A92 /* teste.json */,
				6F9EBD6022FB50250089DCD7 /* teste2BR.json */,
				6F9EBD5E22FB4FE90089DCD7 /* testeBR.json */,
				6F673F162282034C00506FD9 /* Mulan */,
				6F673F152282034C00506FD9 /* Products */,
			);
			sourceTree = "<group>";
		};
		6F673F152282034C00506FD9 /* Products */ = {
			isa = PBXGroup;
			children = (
				6F673F142282034C00506FD9 /* Cuisine101.app */,
			);
			name = Products;
			sourceTree = "<group>";
		};
		6F673F162282034C00506FD9 /* Mulan */ = {
			isa = PBXGroup;
			children = (
				6FE7B3F62284C63B00422A92 /* TutorialViewController */,
				6FE7B3F52284C5E600422A92 /* ReceitaViewController */,
				6FE7B3F42284C5BB00422A92 /* TutorialCell */,
				6FE7B3EB2284C27E00422A92 /* ReceitasCell */,
				6F673F172282034D00506FD9 /* AppDelegate.swift */,
				6F673F1B2282034D00506FD9 /* Main.storyboard */,
				6F673F212282034E00506FD9 /* Assets.xcassets */,
				6F673F232282034E00506FD9 /* LaunchScreen.storyboard */,
				6F673F262282034E00506FD9 /* Info.plist */,
				6F673F1E2282034D00506FD9 /* Mulan.xcdatamodeld */,
			);
			path = Mulan;
			sourceTree = "<group>";
		};
		6FE7B3EB2284C27E00422A92 /* ReceitasCell */ = {
			isa = PBXGroup;
			children = (
				6F673F192282034D00506FD9 /* ReceitaasCellCards.swift */,
				6FE7B41C228B3C5500422A92 /* ImagemCell.swift */,
				6FE7B41E228B3EDB00422A92 /* ConteudoCell.swift */,
				6FE7B420228B3F7E00422A92 /* PassoAPassoCell.swift */,
			);
			name = ReceitasCell;
			sourceTree = "<group>";
		};
		6FE7B3F42284C5BB00422A92 /* TutorialCell */ = {
			isa = PBXGroup;
			children = (
				6FE7B3F72285F91E00422A92 /* TutorialCellCards.swift */,
				6FE7B426228BBBFE00422A92 /* ImagemDicaCell.swift */,
				6FE7B428228BBDAA00422A92 /* TextDicaCell.swift */,
			);
			name = TutorialCell;
			sourceTree = "<group>";
		};
		6FE7B3F52284C5E600422A92 /* ReceitaViewController */ = {
			isa = PBXGroup;
			children = (
				6FE7B3DF2284B5B100422A92 /* ReceitasViewController.swift */,
				6FE7B3E12284BC1700422A92 /* PaginaReceitaViewController.swift */,
			);
			name = ReceitaViewController;
			sourceTree = "<group>";
		};
		6FE7B3F62284C63B00422A92 /* TutorialViewController */ = {
			isa = PBXGroup;
			children = (
				6FE7B3E52284BFC100422A92 /* TutorialViewController.swift */,
				6FE7B3E92284C21200422A92 /* PaginaTutorialViewController.swift */,
			);
			name = TutorialViewController;
			sourceTree = "<group>";
		};
/* End PBXGroup section */

/* Begin PBXNativeTarget section */
		6F673F132282034C00506FD9 /* Cuisine101 */ = {
			isa = PBXNativeTarget;
			buildConfigurationList = 6F673F292282034E00506FD9 /* Build configuration list for PBXNativeTarget "Cuisine101" */;
			buildPhases = (
				6F673F102282034C00506FD9 /* Sources */,
				6F673F112282034C00506FD9 /* Frameworks */,
				6F673F122282034C00506FD9 /* Resources */,
			);
			buildRules = (
			);
			dependencies = (
			);
			name = Cuisine101;
			productName = Mulan;
			productReference = 6F673F142282034C00506FD9 /* Cuisine101.app */;
			productType = "com.apple.product-type.application";
		};
/* End PBXNativeTarget section */

/* Begin PBXProject section */
		6F673F0C2282034C00506FD9 /* Project object */ = {
			isa = PBXProject;
			attributes = {
				LastSwiftUpdateCheck = 1020;
				LastUpgradeCheck = 1020;
				ORGANIZATIONNAME = "Nathalia Melare";
				TargetAttributes = {
					6F673F132282034C00506FD9 = {
						CreatedOnToolsVersion = 10.2.1;
					};
				};
			};
			buildConfigurationList = 6F673F0F2282034C00506FD9 /* Build configuration list for PBXProject "Mulan" */;
			compatibilityVersion = "Xcode 9.3";
			developmentRegion = en;
			hasScannedForEncodings = 0;
			knownRegions = (
				en,
				Base,
				"pt-BR",
			);
			mainGroup = 6F673F0B2282034C00506FD9;
			productRefGroup = 6F673F152282034C00506FD9 /* Products */;
			projectDirPath = "";
			projectRoot = "";
			targets = (
				6F673F132282034C00506FD9 /* Cuisine101 */,
			);
		};
/* End PBXProject section */

/* Begin PBXResourcesBuildPhase section */
		6F673F122282034C00506FD9 /* Resources */ = {
			isa = PBXResourcesBuildPhase;
			buildActionMask = 2147483647;
			files = (
				6F9EBD6122FB50250089DCD7 /* teste2BR.json in Resources */,
				6FE7B423228BB20500422A92 /* teste2.json in Resources */,
				6F9EBD5A22FB4B160089DCD7 /* Localizable.strings in Resources */,
				6F673F252282034E00506FD9 /* LaunchScreen.storyboard in Resources */,
				6F673F222282034E00506FD9 /* Assets.xcassets in Resources */,
				6F9EBD5F22FB4FE90089DCD7 /* testeBR.json in Resources */,
				6FE7B417228A1C1000422A92 /* teste.json in Resources */,
				6F673F1D2282034D00506FD9 /* Main.storyboard in Resources */,
			);
			runOnlyForDeploymentPostprocessing = 0;
		};
/* End PBXResourcesBuildPhase section */

/* Begin PBXSourcesBuildPhase section */
		6F673F102282034C00506FD9 /* Sources */ = {
			isa = PBXSourcesBuildPhase;
			buildActionMask = 2147483647;
			files = (
				6FE7B42C228DF22100422A92 /* Receita.swift in Sources */,
				6FE7B425228BB5AA00422A92 /* Dica.swift in Sources */,
				6FE7B41F228B3EDB00422A92 /* ConteudoCell.swift in Sources */,
				6FE7B429228BBDAA00422A92 /* TextDicaCell.swift in Sources */,
				6FE7B421228B3F7E00422A92 /* PassoAPassoCell.swift in Sources */,
				6F673F1A2282034D00506FD9 /* ReceitaasCellCards.swift in Sources */,
				6FE7B3EA2284C21200422A92 /* PaginaTutorialViewController.swift in Sources */,
				6FE7B3E62284BFC100422A92 /* TutorialViewController.swift in Sources */,
				6FE7B427228BBBFE00422A92 /* ImagemDicaCell.swift in Sources */,
				6F673F182282034D00506FD9 /* AppDelegate.swift in Sources */,
				6FE7B3F82285F91E00422A92 /* TutorialCellCards.swift in Sources */,
				6FE7B41D228B3C5500422A92 /* ImagemCell.swift in Sources */,
				6F673F202282034D00506FD9 /* Mulan.xcdatamodeld in Sources */,
				6FE7B3E22284BC1700422A92 /* PaginaReceitaViewController.swift in Sources */,
				6FE7B3E02284B5B100422A92 /* ReceitasViewController.swift in Sources */,
			);
			runOnlyForDeploymentPostprocessing = 0;
		};
/* End PBXSourcesBuildPhase section */

/* Begin PBXVariantGroup section */
		6F673F1B2282034D00506FD9 /* Main.storyboard */ = {
			isa = PBXVariantGroup;
			children = (
				6F673F1C2282034D00506FD9 /* Base */,
				6F9EBD5522FB484B0089DCD7 /* pt-BR */,
			);
			name = Main.storyboard;
			sourceTree = "<group>";
		};
		6F673F232282034E00506FD9 /* LaunchScreen.storyboard */ = {
			isa = PBXVariantGroup;
			children = (
				6F673F242282034E00506FD9 /* Base */,
				6F9EBD5622FB484B0089DCD7 /* pt-BR */,
			);
			name = LaunchScreen.storyboard;
			sourceTree = "<group>";
		};
		6F9EBD5C22FB4B160089DCD7 /* Localizable.strings */ = {
			isa = PBXVariantGroup;
			children = (
				6F9EBD5B22FB4B160089DCD7 /* en */,
				6F9EBD5D22FB4B180089DCD7 /* pt-BR */,
			);
			name = Localizable.strings;
			sourceTree = "<group>";
		};
/* End PBXVariantGroup section */

/* Begin XCBuildConfiguration section */
		6F673F272282034E00506FD9 /* Debug */ = {
			isa = XCBuildConfiguration;
			buildSettings = {
				ALWAYS_SEARCH_USER_PATHS = NO;
				CLANG_ANALYZER_LOCALIZABILITY_NONLOCALIZED = YES;
				CLANG_ANALYZER_NONNULL = YES;
				CLANG_ANALYZER_NUMBER_OBJECT_CONVERSION = YES_AGGRESSIVE;
				CLANG_CXX_LANGUAGE_STANDARD = "gnu++14";
				CLANG_CXX_LIBRARY = "libc++";
				CLANG_ENABLE_MODULES = YES;
				CLANG_ENABLE_OBJC_ARC = YES;
				CLANG_ENABLE_OBJC_WEAK = YES;
				CLANG_WARN_BLOCK_CAPTURE_AUTORELEASING = YES;
				CLANG_WARN_BOOL_CONVERSION = YES;
				CLANG_WARN_COMMA = YES;
				CLANG_WARN_CONSTANT_CONVERSION = YES;
				CLANG_WARN_DEPRECATED_OBJC_IMPLEMENTATIONS = YES;
				CLANG_WARN_DIRECT_OBJC_ISA_USAGE = YES_ERROR;
				CLANG_WARN_DOCUMENTATION_COMMENTS = YES;
				CLANG_WARN_EMPTY_BODY = YES;
				CLANG_WARN_ENUM_CONVERSION = YES;
				CLANG_WARN_INFINITE_RECURSION = YES;
				CLANG_WARN_INT_CONVERSION = YES;
				CLANG_WARN_NON_LITERAL_NULL_CONVERSION = YES;
				CLANG_WARN_OBJC_IMPLICIT_RETAIN_SELF = YES;
				CLANG_WARN_OBJC_LITERAL_CONVERSION = YES;
				CLANG_WARN_OBJC_ROOT_CLASS = YES_ERROR;
				CLANG_WARN_RANGE_LOOP_ANALYSIS = YES;
				CLANG_WARN_STRICT_PROTOTYPES = YES;
				CLANG_WARN_SUSPICIOUS_MOVE = YES;
				CLANG_WARN_UNGUARDED_AVAILABILITY = YES_AGGRESSIVE;
				CLANG_WARN_UNREACHABLE_CODE = YES;
				CLANG_WARN__DUPLICATE_METHOD_MATCH = YES;
				CODE_SIGN_IDENTITY = "iPhone Developer";
				COPY_PHASE_STRIP = NO;
				DEBUG_INFORMATION_FORMAT = dwarf;
				ENABLE_STRICT_OBJC_MSGSEND = YES;
				ENABLE_TESTABILITY = YES;
				GCC_C_LANGUAGE_STANDARD = gnu11;
				GCC_DYNAMIC_NO_PIC = NO;
				GCC_NO_COMMON_BLOCKS = YES;
				GCC_OPTIMIZATION_LEVEL = 0;
				GCC_PREPROCESSOR_DEFINITIONS = (
					"DEBUG=1",
					"$(inherited)",
				);
				GCC_WARN_64_TO_32_BIT_CONVERSION = YES;
				GCC_WARN_ABOUT_RETURN_TYPE = YES_ERROR;
				GCC_WARN_UNDECLARED_SELECTOR = YES;
				GCC_WARN_UNINITIALIZED_AUTOS = YES_AGGRESSIVE;
				GCC_WARN_UNUSED_FUNCTION = YES;
				GCC_WARN_UNUSED_VARIABLE = YES;
				IPHONEOS_DEPLOYMENT_TARGET = 12.2;
				MTL_ENABLE_DEBUG_INFO = INCLUDE_SOURCE;
				MTL_FAST_MATH = YES;
				ONLY_ACTIVE_ARCH = YES;
				SDKROOT = iphoneos;
				SWIFT_ACTIVE_COMPILATION_CONDITIONS = DEBUG;
				SWIFT_OPTIMIZATION_LEVEL = "-Onone";
			};
			name = Debug;
		};
		6F673F282282034E00506FD9 /* Release */ = {
			isa = XCBuildConfiguration;
			buildSettings = {
				ALWAYS_SEARCH_USER_PATHS = NO;
				CLANG_ANALYZER_LOCALIZABILITY_NONLOCALIZED = YES;
				CLANG_ANALYZER_NONNULL = YES;
				CLANG_ANALYZER_NUMBER_OBJECT_CONVERSION = YES_AGGRESSIVE;
				CLANG_CXX_LANGUAGE_STANDARD = "gnu++14";
				CLANG_CXX_LIBRARY = "libc++";
				CLANG_ENABLE_MODULES = YES;
				CLANG_ENABLE_OBJC_ARC = YES;
				CLANG_ENABLE_OBJC_WEAK = YES;
				CLANG_WARN_BLOCK_CAPTURE_AUTORELEASING = YES;
				CLANG_WARN_BOOL_CONVERSION = YES;
				CLANG_WARN_COMMA = YES;
				CLANG_WARN_CONSTANT_CONVERSION = YES;
				CLANG_WARN_DEPRECATED_OBJC_IMPLEMENTATIONS = YES;
				CLANG_WARN_DIRECT_OBJC_ISA_USAGE = YES_ERROR;
				CLANG_WARN_DOCUMENTATION_COMMENTS = YES;
				CLANG_WARN_EMPTY_BODY = YES;
				CLANG_WARN_ENUM_CONVERSION = YES;
				CLANG_WARN_INFINITE_RECURSION = YES;
				CLANG_WARN_INT_CONVERSION = YES;
				CLANG_WARN_NON_LITERAL_NULL_CONVERSION = YES;
				CLANG_WARN_OBJC_IMPLICIT_RETAIN_SELF = YES;
				CLANG_WARN_OBJC_LITERAL_CONVERSION = YES;
				CLANG_WARN_OBJC_ROOT_CLASS = YES_ERROR;
				CLANG_WARN_RANGE_LOOP_ANALYSIS = YES;
				CLANG_WARN_STRICT_PROTOTYPES = YES;
				CLANG_WARN_SUSPICIOUS_MOVE = YES;
				CLANG_WARN_UNGUARDED_AVAILABILITY = YES_AGGRESSIVE;
				CLANG_WARN_UNREACHABLE_CODE = YES;
				CLANG_WARN__DUPLICATE_METHOD_MATCH = YES;
				CODE_SIGN_IDENTITY = "iPhone Developer";
				COPY_PHASE_STRIP = NO;
				DEBUG_INFORMATION_FORMAT = "dwarf-with-dsym";
				ENABLE_NS_ASSERTIONS = NO;
				ENABLE_STRICT_OBJC_MSGSEND = YES;
				GCC_C_LANGUAGE_STANDARD = gnu11;
				GCC_NO_COMMON_BLOCKS = YES;
				GCC_WARN_64_TO_32_BIT_CONVERSION = YES;
				GCC_WARN_ABOUT_RETURN_TYPE = YES_ERROR;
				GCC_WARN_UNDECLARED_SELECTOR = YES;
				GCC_WARN_UNINITIALIZED_AUTOS = YES_AGGRESSIVE;
				GCC_WARN_UNUSED_FUNCTION = YES;
				GCC_WARN_UNUSED_VARIABLE = YES;
				IPHONEOS_DEPLOYMENT_TARGET = 12.2;
				MTL_ENABLE_DEBUG_INFO = NO;
				MTL_FAST_MATH = YES;
				SDKROOT = iphoneos;
				SWIFT_COMPILATION_MODE = wholemodule;
				SWIFT_OPTIMIZATION_LEVEL = "-O";
				VALIDATE_PRODUCT = YES;
			};
			name = Release;
		};
		6F673F2A2282034E00506FD9 /* Debug */ = {
			isa = XCBuildConfiguration;
			buildSettings = {
				ASSETCATALOG_COMPILER_APPICON_NAME = AppIcon;
				CODE_SIGN_STYLE = Automatic;
				DEVELOPMENT_TEAM = D6BLGKTBJB;
				INFOPLIST_FILE = Mulan/Info.plist;
				LD_RUNPATH_SEARCH_PATHS = (
					"$(inherited)",
					"@executable_path/Frameworks",
				);
				PRODUCT_BUNDLE_IDENTIFIER = com.Cousine101;
				PRODUCT_NAME = "$(TARGET_NAME)";
				SWIFT_VERSION = 5.0;
				TARGETED_DEVICE_FAMILY = 1;
			};
			name = Debug;
		};
		6F673F2B2282034E00506FD9 /* Release */ = {
			isa = XCBuildConfiguration;
			buildSettings = {
				ASSETCATALOG_COMPILER_APPICON_NAME = AppIcon;
				CODE_SIGN_STYLE = Automatic;
				DEVELOPMENT_TEAM = D6BLGKTBJB;
				INFOPLIST_FILE = Mulan/Info.plist;
				LD_RUNPATH_SEARCH_PATHS = (
					"$(inherited)",
					"@executable_path/Frameworks",
				);
				PRODUCT_BUNDLE_IDENTIFIER = com.Cousine101;
				PRODUCT_NAME = "$(TARGET_NAME)";
				SWIFT_VERSION = 5.0;
				TARGETED_DEVICE_FAMILY = 1;
			};
			name = Release;
		};
/* End XCBuildConfiguration section */

/* Begin XCConfigurationList section */
		6F673F0F2282034C00506FD9 /* Build configuration list for PBXProject "Mulan" */ = {
			isa = XCConfigurationList;
			buildConfigurations = (
				6F673F272282034E00506FD9 /* Debug */,
				6F673F282282034E00506FD9 /* Release */,
			);
			defaultConfigurationIsVisible = 0;
			defaultConfigurationName = Release;
		};
		6F673F292282034E00506FD9 /* Build configuration list for PBXNativeTarget "Cuisine101" */ = {
			isa = XCConfigurationList;
			buildConfigurations = (
				6F673F2A2282034E00506FD9 /* Debug */,
				6F673F2B2282034E00506FD9 /* Release */,
			);
			defaultConfigurationIsVisible = 0;
			defaultConfigurationName = Release;
		};
/* End XCConfigurationList section */

/* Begin XCVersionGroup section */
		6F673F1E2282034D00506FD9 /* Mulan.xcdatamodeld */ = {
			isa = XCVersionGroup;
			children = (
				6F673F1F2282034D00506FD9 /* Mulan.xcdatamodel */,
			);
			currentVersion = 6F673F1F2282034D00506FD9 /* Mulan.xcdatamodel */;
			path = Mulan.xcdatamodeld;
			sourceTree = "<group>";
			versionGroupType = wrapper.xcdatamodel;
		};
/* End XCVersionGroup section */
	};
	rootObject = 6F673F0C2282034C00506FD9 /* Project object */;
}
